
Microsoft Visual Studio Solution File, Format Version 12.00
# Visual Studio Version 17
VisualStudioVersion = 17.8.34525.116
MinimumVisualStudioVersion = 10.0.40219.1
Project("{9A19103F-16F7-4668-BE54-9A1E7A4F7556}") = "TaskManagerApplication", "TaskManagerApplication.csproj", "{D76D06DC-F0D7-43B2-9EEC-F4E2DD79E006}"
EndProject
Project("{FAE04EC0-301F-11D3-BF4B-00C04F79EFBC}") = "TestProjectTaskMananger", "..\TestProjectTaskMananger\TestProjectTaskMananger.csproj", "{92D896EF-B656-4153-B7FA-7506BB8F7758}"
EndProject
Global
	GlobalSection(SolutionConfigurationPlatforms) = preSolution
		Debug|Any CPU = Debug|Any CPU
		Release|Any CPU = Release|Any CPU
	EndGlobalSection
	GlobalSection(ProjectConfigurationPlatforms) = postSolution
		{D76D06DC-F0D7-43B2-9EEC-F4E2DD79E006}.Debug|Any CPU.ActiveCfg = Debug|Any CPU
		{D76D06DC-F0D7-43B2-9EEC-F4E2DD79E006}.Debug|Any CPU.Build.0 = Debug|Any CPU
		{D76D06DC-F0D7-43B2-9EEC-F4E2DD79E006}.Release|Any CPU.ActiveCfg = Release|Any CPU
		{D76D06DC-F0D7-43B2-9EEC-F4E2DD79E006}.Release|Any CPU.Build.0 = Release|Any CPU
		{92D896EF-B656-4153-B7FA-7506BB8F7758}.Debug|Any CPU.ActiveCfg = Debug|Any CPU
		{92D896EF-B656-4153-B7FA-7506BB8F7758}.Debug|Any CPU.Build.0 = Debug|Any CPU
		{92D896EF-B656-4153-B7FA-7506BB8F7758}.Release|Any CPU.ActiveCfg = Release|Any CPU
		{92D896EF-B656-4153-B7FA-7506BB8F7758}.Release|Any CPU.Build.0 = Release|Any CPU
	EndGlobalSection
	GlobalSection(SolutionProperties) = preSolution
		HideSolutionNode = FALSE
	EndGlobalSection
	GlobalSection(ExtensibilityGlobals) = postSolution
		SolutionGuid = {051C624A-0AA0-4C1D-B97E-9ABA19981B95}
	EndGlobalSection
EndGlobal
